// !$*UTF8*$!
{
	archiveVersion = 1;
	classes = {
	};
	objectVersion = 46;
	objects = {

/* Begin PBXBuildFile section */
		62DCB5291CC6A4B400150D9E /* main.m in Sources */ = {isa = PBXBuildFile; fileRef = 62DCB5281CC6A4B400150D9E /* main.m */; };
		62DCB52C1CC6A4B400150D9E /* AppDelegate.m in Sources */ = {isa = PBXBuildFile; fileRef = 62DCB52B1CC6A4B400150D9E /* AppDelegate.m */; };
		62DCB52F1CC6A4B400150D9E /* ViewController.m in Sources */ = {isa = PBXBuildFile; fileRef = 62DCB52E1CC6A4B400150D9E /* ViewController.m */; };
		62DCB5321CC6A4B400150D9E /* Main.storyboard in Resources */ = {isa = PBXBuildFile; fileRef = 62DCB5301CC6A4B400150D9E /* Main.storyboard */; };
		62DCB5351CC6A4B400150D9E /* GetItDone.xcdatamodeld in Sources */ = {isa = PBXBuildFile; fileRef = 62DCB5331CC6A4B400150D9E /* GetItDone.xcdatamodeld */; };
		62DCB5371CC6A4B400150D9E /* Assets.xcassets in Resources */ = {isa = PBXBuildFile; fileRef = 62DCB5361CC6A4B400150D9E /* Assets.xcassets */; };
		62DCB53A1CC6A4B400150D9E /* LaunchScreen.storyboard in Resources */ = {isa = PBXBuildFile; fileRef = 62DCB5381CC6A4B400150D9E /* LaunchScreen.storyboard */; };
		62DCB5451CC6B06500150D9E /* ToDoItem+CoreDataProperties.m in Sources */ = {isa = PBXBuildFile; fileRef = 62DCB5421CC6B06500150D9E /* ToDoItem+CoreDataProperties.m */; };
		62DCB5461CC6B06500150D9E /* ToDoItem.m in Sources */ = {isa = PBXBuildFile; fileRef = 62DCB5441CC6B06500150D9E /* ToDoItem.m */; };
		62DCB54B1CC73FEE00150D9E /* DetailViewController.m in Sources */ = {isa = PBXBuildFile; fileRef = 62DCB54A1CC73FEE00150D9E /* DetailViewController.m */; };
/* End PBXBuildFile section */

/* Begin PBXFileReference section */
		62DCB5241CC6A4B400150D9E /* GetItDone.app */ = {isa = PBXFileReference; explicitFileType = wrapper.application; includeInIndex = 0; path = GetItDone.app; sourceTree = BUILT_PRODUCTS_DIR; };
		62DCB5281CC6A4B400150D9E /* main.m */ = {isa = PBXFileReference; lastKnownFileType = sourcecode.c.objc; path = main.m; sourceTree = "<group>"; };
		62DCB52A1CC6A4B400150D9E /* AppDelegate.h */ = {isa = PBXFileReference; lastKnownFileType = sourcecode.c.h; path = AppDelegate.h; sourceTree = "<group>"; };
		62DCB52B1CC6A4B400150D9E /* AppDelegate.m */ = {isa = PBXFileReference; lastKnownFileType = sourcecode.c.objc; path = AppDelegate.m; sourceTree = "<group>"; };
		62DCB52D1CC6A4B400150D9E /* ViewController.h */ = {isa = PBXFileReference; lastKnownFileType = sourcecode.c.h; path = ViewController.h; sourceTree = "<group>"; };
		62DCB52E1CC6A4B400150D9E /* ViewController.m */ = {isa = PBXFileReference; lastKnownFileType = sourcecode.c.objc; path = ViewController.m; sourceTree = "<group>"; };
		62DCB5311CC6A4B400150D9E /* Base */ = {isa = PBXFileReference; lastKnownFileType = file.storyboard; name = Base; path = Base.lproj/Main.storyboard; sourceTree = "<group>"; };
		62DCB5341CC6A4B400150D9E /* GetItDone.xcdatamodel */ = {isa = PBXFileReference; lastKnownFileType = wrapper.xcdatamodel; path = GetItDone.xcdatamodel; sourceTree = "<group>"; };
		62DCB5361CC6A4B400150D9E /* Assets.xcassets */ = {isa = PBXFileReference; lastKnownFileType = folder.assetcatalog; path = Assets.xcassets; sourceTree = "<group>"; };
		62DCB5391CC6A4B400150D9E /* Base */ = {isa = PBXFileReference; lastKnownFileType = file.storyboard; name = Base; path = Base.lproj/LaunchScreen.storyboard; sourceTree = "<group>"; };
		62DCB53B1CC6A4B400150D9E /* Info.plist */ = {isa = PBXFileReference; lastKnownFileType = text.plist.xml; path = Info.plist; sourceTree = "<group>"; };
		62DCB5411CC6B06500150D9E /* ToDoItem+CoreDataProperties.h */ = {isa = PBXFileReference; fileEncoding = 4; lastKnownFileType = sourcecode.c.h; path = "ToDoItem+CoreDataProperties.h"; sourceTree = "<group>"; };
		62DCB5421CC6B06500150D9E /* ToDoItem+CoreDataProperties.m */ = {isa = PBXFileReference; fileEncoding = 4; lastKnownFileType = sourcecode.c.objc; path = "ToDoItem+CoreDataProperties.m"; sourceTree = "<group>"; };
		62DCB5431CC6B06500150D9E /* ToDoItem.h */ = {isa = PBXFileReference; fileEncoding = 4; lastKnownFileType = sourcecode.c.h; path = ToDoItem.h; sourceTree = "<group>"; };
		62DCB5441CC6B06500150D9E /* ToDoItem.m */ = {isa = PBXFileReference; fileEncoding = 4; lastKnownFileType = sourcecode.c.objc; path = ToDoItem.m; sourceTree = "<group>"; };
		62DCB5491CC73FEE00150D9E /* DetailViewController.h */ = {isa = PBXFileReference; fileEncoding = 4; lastKnownFileType = sourcecode.c.h; path = DetailViewController.h; sourceTree = "<group>"; };
		62DCB54A1CC73FEE00150D9E /* DetailViewController.m */ = {isa = PBXFileReference; fileEncoding = 4; lastKnownFileType = sourcecode.c.objc; path = DetailViewController.m; sourceTree = "<group>"; };
/* End PBXFileReference section */

/* Begin PBXFrameworksBuildPhase section */
		62DCB5211CC6A4B400150D9E /* Frameworks */ = {
			isa = PBXFrameworksBuildPhase;
			buildActionMask = 2147483647;
			files = (
			);
			runOnlyForDeploymentPostprocessing = 0;
		};
/* End PBXFrameworksBuildPhase section */

/* Begin PBXGroup section */
		62DCB51B1CC6A4B400150D9E = {
			isa = PBXGroup;
			children = (
				62DCB5261CC6A4B400150D9E /* GetItDone */,
				62DCB5251CC6A4B400150D9E /* Products */,
			);
			sourceTree = "<group>";
		};
		62DCB5251CC6A4B400150D9E /* Products */ = {
			isa = PBXGroup;
			children = (
				62DCB5241CC6A4B400150D9E /* GetItDone.app */,
			);
			name = Products;
			sourceTree = "<group>";
		};
		62DCB5261CC6A4B400150D9E /* GetItDone */ = {
			isa = PBXGroup;
			children = (
				62DCB52A1CC6A4B400150D9E /* AppDelegate.h */,
				62DCB52B1CC6A4B400150D9E /* AppDelegate.m */,
				62DCB52D1CC6A4B400150D9E /* ViewController.h */,
				62DCB52E1CC6A4B400150D9E /* ViewController.m */,
				62DCB5301CC6A4B400150D9E /* Main.storyboard */,
				62DCB5491CC73FEE00150D9E /* DetailViewController.h */,
				62DCB54A1CC73FEE00150D9E /* DetailViewController.m */,
				62DCB5361CC6A4B400150D9E /* Assets.xcassets */,
				62DCB5381CC6A4B400150D9E /* LaunchScreen.storyboard */,
				62DCB53B1CC6A4B400150D9E /* Info.plist */,
				62DCB5471CC6B0B000150D9E /* Data */,
				62DCB5271CC6A4B400150D9E /* Supporting Files */,
			);
			path = GetItDone;
			sourceTree = "<group>";
		};
		62DCB5271CC6A4B400150D9E /* Supporting Files */ = {
			isa = PBXGroup;
			children = (
				62DCB5281CC6A4B400150D9E /* main.m */,
			);
			name = "Supporting Files";
			sourceTree = "<group>";
		};
		62DCB5471CC6B0B000150D9E /* Data */ = {
			isa = PBXGroup;
			children = (
				62DCB5331CC6A4B400150D9E /* GetItDone.xcdatamodeld */,
				62DCB5411CC6B06500150D9E /* ToDoItem+CoreDataProperties.h */,
				62DCB5421CC6B06500150D9E /* ToDoItem+CoreDataProperties.m */,
				62DCB5431CC6B06500150D9E /* ToDoItem.h */,
				62DCB5441CC6B06500150D9E /* ToDoItem.m */,
			);
			name = Data;
			sourceTree = "<group>";
		};
/* End PBXGroup section */

/* Begin PBXNativeTarget section */
		62DCB5231CC6A4B400150D9E /* GetItDone */ = {
			isa = PBXNativeTarget;
			buildConfigurationList = 62DCB53E1CC6A4B400150D9E /* Build configuration list for PBXNativeTarget "GetItDone" */;
			buildPhases = (
				62DCB5201CC6A4B400150D9E /* Sources */,
				62DCB5211CC6A4B400150D9E /* Frameworks */,
				62DCB5221CC6A4B400150D9E /* Resources */,
			);
			buildRules = (
			);
			dependencies = (
			);
			name = GetItDone;
			productName = GetItDone;
			productReference = 62DCB5241CC6A4B400150D9E /* GetItDone.app */;
			productType = "com.apple.product-type.application";
		};
/* End PBXNativeTarget section */

/* Begin PBXProject section */
		62DCB51C1CC6A4B400150D9E /* Project object */ = {
			isa = PBXProject;
			attributes = {
				LastUpgradeCheck = 0730;
				ORGANIZATIONNAME = "Demond Childers";
				TargetAttributes = {
					62DCB5231CC6A4B400150D9E = {
						CreatedOnToolsVersion = 7.3;
					};
				};
			};
			buildConfigurationList = 62DCB51F1CC6A4B400150D9E /* Build configuration list for PBXProject "GetItDone" */;
			compatibilityVersion = "Xcode 3.2";
			developmentRegion = English;
			hasScannedForEncodings = 0;
			knownRegions = (
				en,
				Base,
			);
			mainGroup = 62DCB51B1CC6A4B400150D9E;
			productRefGroup = 62DCB5251CC6A4B400150D9E /* Products */;
			projectDirPath = "";
			projectRoot = "";
			targets = (
				62DCB5231CC6A4B400150D9E /* GetItDone */,
			);
		};
/* End PBXProject section */

/* Begin PBXResourcesBuildPhase section */
		62DCB5221CC6A4B400150D9E /* Resources */ = {
			isa = PBXResourcesBuildPhase;
			buildActionMask = 2147483647;
			files = (
				62DCB53A1CC6A4B400150D9E /* LaunchScreen.storyboard in Resources */,
				62DCB5371CC6A4B400150D9E /* Assets.xcassets in Resources */,
				62DCB5321CC6A4B400150D9E /* Main.storyboard in Resources */,
			);
			runOnlyForDeploymentPostprocessing = 0;
		};
/* End PBXResourcesBuildPhase section */

/* Begin PBXSourcesBuildPhase section */
		62DCB5201CC6A4B400150D9E /* Sources */ = {
			isa = PBXSourcesBuildPhase;
			buildActionMask = 2147483647;
			files = (
				62DCB5461CC6B06500150D9E /* ToDoItem.m in Sources */,
				62DCB5451CC6B06500150D9E /* ToDoItem+CoreDataProperties.m in Sources */,
				62DCB52F1CC6A4B400150D9E /* ViewController.m in Sources */,
				62DCB5351CC6A4B400150D9E /* GetItDone.xcdatamodeld in Sources */,
				62DCB52C1CC6A4B400150D9E /* AppDelegate.m in Sources */,
				62DCB5291CC6A4B400150D9E /* main.m in Sources */,
				62DCB54B1CC73FEE00150D9E /* DetailViewController.m in Sources */,
			);
			runOnlyForDeploymentPostprocessing = 0;
		};
/* End PBXSourcesBuildPhase section */

/* Begin PBXVariantGroup section */
		62DCB5301CC6A4B400150D9E /* Main.storyboard */ = {
			isa = PBXVariantGroup;
			children = (
				62DCB5311CC6A4B400150D9E /* Base */,
			);
			name = Main.storyboard;
			sourceTree = "<group>";
		};
		62DCB5381CC6A4B400150D9E /* LaunchScreen.storyboard */ = {
			isa = PBXVariantGroup;
			children = (
				62DCB5391CC6A4B400150D9E /* Base */,
			);
			name = LaunchScreen.storyboard;
			sourceTree = "<group>";
		};
/* End PBXVariantGroup section */

/* Begin XCBuildConfiguration section */
		62DCB53C1CC6A4B400150D9E /* Debug */ = {
			isa = XCBuildConfiguration;
			buildSettings = {
				ALWAYS_SEARCH_USER_PATHS = NO;
				CLANG_ANALYZER_NONNULL = YES;
				CLANG_CXX_LANGUAGE_STANDARD = "gnu++0x";
				CLANG_CXX_LIBRARY = "libc++";
				CLANG_ENABLE_MODULES = YES;
				CLANG_ENABLE_OBJC_ARC = YES;
				CLANG_WARN_BOOL_CONVERSION = YES;
				CLANG_WARN_CONSTANT_CONVERSION = YES;
				CLANG_WARN_DIRECT_OBJC_ISA_USAGE = YES_ERROR;
				CLANG_WARN_EMPTY_BODY = YES;
				CLANG_WARN_ENUM_CONVERSION = YES;
				CLANG_WARN_INT_CONVERSION = YES;
				CLANG_WARN_OBJC_ROOT_CLASS = YES_ERROR;
				CLANG_WARN_UNREACHABLE_CODE = YES;
				CLANG_WARN__DUPLICATE_METHOD_MATCH = YES;
				"CODE_SIGN_IDENTITY[sdk=iphoneos*]" = "iPhone Developer";
				COPY_PHASE_STRIP = NO;
				DEBUG_INFORMATION_FORMAT = dwarf;
				ENABLE_STRICT_OBJC_MSGSEND = YES;
				ENABLE_TESTABILITY = YES;
				GCC_C_LANGUAGE_STANDARD = gnu99;
				GCC_DYNAMIC_NO_PIC = NO;
				GCC_NO_COMMON_BLOCKS = YES;
				GCC_OPTIMIZATION_LEVEL = 0;
				GCC_PREPROCESSOR_DEFINITIONS = (
					"DEBUG=1",
					"$(inherited)",
				);
				GCC_WARN_64_TO_32_BIT_CONVERSION = YES;
				GCC_WARN_ABOUT_RETURN_TYPE = YES_ERROR;
				GCC_WARN_UNDECLARED_SELECTOR = YES;
				GCC_WARN_UNINITIALIZED_AUTOS = YES_AGGRESSIVE;
				GCC_WARN_UNUSED_FUNCTION = YES;
				GCC_WARN_UNUSED_VARIABLE = YES;
				IPHONEOS_DEPLOYMENT_TARGET = 9.3;
				MTL_ENABLE_DEBUG_INFO = YES;
				ONLY_ACTIVE_ARCH = YES;
				SDKROOT = iphoneos;
				TARGETED_DEVICE_FAMILY = "1,2";
			};
			name = Debug;
		};
		62DCB53D1CC6A4B400150D9E /* Release */ = {
			isa = XCBuildConfiguration;
			buildSettings = {
				ALWAYS_SEARCH_USER_PATHS = NO;
				CLANG_ANALYZER_NONNULL = YES;
				CLANG_CXX_LANGUAGE_STANDARD = "gnu++0x";
				CLANG_CXX_LIBRARY = "libc++";
				CLANG_ENABLE_MODULES = YES;
				CLANG_ENABLE_OBJC_ARC = YES;
				CLANG_WARN_BOOL_CONVERSION = YES;
				CLANG_WARN_CONSTANT_CONVERSION = YES;
				CLANG_WARN_DIRECT_OBJC_ISA_USAGE = YES_ERROR;
				CLANG_WARN_EMPTY_BODY = YES;
				CLANG_WARN_ENUM_CONVERSION = YES;
				CLANG_WARN_INT_CONVERSION = YES;
				CLANG_WARN_OBJC_ROOT_CLASS = YES_ERROR;
				CLANG_WARN_UNREACHABLE_CODE = YES;
				CLANG_WARN__DUPLICATE_METHOD_MATCH = YES;
				"CODE_SIGN_IDENTITY[sdk=iphoneos*]" = "iPhone Developer";
				COPY_PHASE_STRIP = NO;
				DEBUG_INFORMATION_FORMAT = "dwarf-with-dsym";
				ENABLE_NS_ASSERTIONS = NO;
				ENABLE_STRICT_OBJC_MSGSEND = YES;
				GCC_C_LANGUAGE_STANDARD = gnu99;
				GCC_NO_COMMON_BLOCKS = YES;
				GCC_WARN_64_TO_32_BIT_CONVERSION = YES;
				GCC_WARN_ABOUT_RETURN_TYPE = YES_ERROR;
				GCC_WARN_UNDECLARED_SELECTOR = YES;
				GCC_WARN_UNINITIALIZED_AUTOS = YES_AGGRESSIVE;
				GCC_WARN_UNUSED_FUNCTION = YES;
				GCC_WARN_UNUSED_VARIABLE = YES;
				IPHONEOS_DEPLOYMENT_TARGET = 9.3;
				MTL_ENABLE_DEBUG_INFO = NO;
				SDKROOT = iphoneos;
				TARGETED_DEVICE_FAMILY = "1,2";
				VALIDATE_PRODUCT = YES;
			};
			name = Release;
		};
		62DCB53F1CC6A4B400150D9E /* Debug */ = {
			isa = XCBuildConfiguration;
			buildSettings = {
				ASSETCATALOG_COMPILER_APPICON_NAME = AppIcon;
				INFOPLIST_FILE = GetItDone/Info.plist;
				LD_RUNPATH_SEARCH_PATHS = "$(inherited) @executable_path/Frameworks";
				PRODUCT_BUNDLE_IDENTIFIER = com.Childers.GetItDone;
				PRODUCT_NAME = "$(TARGET_NAME)";
			};
			name = Debug;
		};
		62DCB5401CC6A4B400150D9E /* Release */ = {
			isa = XCBuildConfiguration;
			buildSettings = {
				ASSETCATALOG_COMPILER_APPICON_NAME = AppIcon;
				INFOPLIST_FILE = GetItDone/Info.plist;
				LD_RUNPATH_SEARCH_PATHS = "$(inherited) @executable_path/Frameworks";
				PRODUCT_BUNDLE_IDENTIFIER = com.Childers.GetItDone;
				PRODUCT_NAME = "$(TARGET_NAME)";
			};
			name = Release;
		};
/* End XCBuildConfiguration section */

/* Begin XCConfigurationList section */
		62DCB51F1CC6A4B400150D9E /* Build configuration list for PBXProject "GetItDone" */ = {
			isa = XCConfigurationList;
			buildConfigurations = (
				62DCB53C1CC6A4B400150D9E /* Debug */,
				62DCB53D1CC6A4B400150D9E /* Release */,
			);
			defaultConfigurationIsVisible = 0;
			defaultConfigurationName = Release;
		};
		62DCB53E1CC6A4B400150D9E /* Build configuration list for PBXNativeTarget "GetItDone" */ = {
			isa = XCConfigurationList;
			buildConfigurations = (
				62DCB53F1CC6A4B400150D9E /* Debug */,
				62DCB5401CC6A4B400150D9E /* Release */,
			);
			defaultConfigurationIsVisible = 0;
		};
/* End XCConfigurationList section */

/* Begin XCVersionGroup section */
		62DCB5331CC6A4B400150D9E /* GetItDone.xcdatamodeld */ = {
			isa = XCVersionGroup;
			children = (
				62DCB5341CC6A4B400150D9E /* GetItDone.xcdatamodel */,
			);
			currentVersion = 62DCB5341CC6A4B400150D9E /* GetItDone.xcdatamodel */;
			path = GetItDone.xcdatamodeld;
			sourceTree = "<group>";
			versionGroupType = wrapper.xcdatamodel;
		};
/* End XCVersionGroup section */
	};
	rootObject = 62DCB51C1CC6A4B400150D9E /* Project object */;
}
